
Microsoft Visual Studio Solution File, Format Version 12.00
# Visual Studio 15
VisualStudioVersion = 15.0.28307.489
MinimumVisualStudioVersion = 10.0.40219.1
Project("{FAE04EC0-301F-11D3-BF4B-00C04F79EFBC}") = "TestAPI_ConsoleApp", "TestAPI_ConsoleApp\TestAPI_ConsoleApp.csproj", "{B56356E6-E979-416E-A867-213FFFDB5428}"
EndProject
Global
	GlobalSection(SolutionConfigurationPlatforms) = preSolution
		Debug|Any CPU = Debug|Any CPU
		Release|Any CPU = Release|Any CPU
	EndGlobalSection
	GlobalSection(ProjectConfigurationPlatforms) = postSolution
		{B56356E6-E979-416E-A867-213FFFDB5428}.Debug|Any CPU.ActiveCfg = Debug|Any CPU
		{B56356E6-E979-416E-A867-213FFFDB5428}.Debug|Any CPU.Build.0 = Debug|Any CPU
		{B56356E6-E979-416E-A867-213FFFDB5428}.Release|Any CPU.ActiveCfg = Release|Any CPU
		{B56356E6-E979-416E-A867-213FFFDB5428}.Release|Any CPU.Build.0 = Release|Any CPU
	EndGlobalSection
	GlobalSection(SolutionProperties) = preSolution
		HideSolutionNode = FALSE
	EndGlobalSection
	GlobalSection(ExtensibilityGlobals) = postSolution
		SolutionGuid = {5E6497AF-4BC0-4096-BB22-67B94FE52A23}
	EndGlobalSection
EndGlobal
